
Microsoft Visual Studio Solution File, Format Version 12.00
# Visual Studio 2013
VisualStudioVersion = 12.0.40629.0
MinimumVisualStudioVersion = 10.0.40219.1
Project("{FAE04EC0-301F-11D3-BF4B-00C04F79EFBC}") = "TestSQL.Droid", "TestSQL\TestSQL.Droid\TestSQL.Droid.csproj", "{93C95D4E-CB18-487F-A041-81F23D59A41E}"
EndProject
Project("{FAE04EC0-301F-11D3-BF4B-00C04F79EFBC}") = "TestSQL.iOS", "TestSQL\TestSQL.iOS\TestSQL.iOS.csproj", "{790F696E-2DAA-479A-B3F1-CB86F41771C6}"
EndProject
Project("{FAE04EC0-301F-11D3-BF4B-00C04F79EFBC}") = "TestSQL.WinPhone", "TestSQL\TestSQL.WinPhone\TestSQL.WinPhone.csproj", "{BFD6ED48-CA20-4E79-8D62-7B33253D49AC}"
EndProject
Project("{FAE04EC0-301F-11D3-BF4B-00C04F79EFBC}") = "TestSQL.Windows", "TestSQL\TestSQL.Windows\TestSQL.Windows.csproj", "{7F4598F9-AC06-495C-AAA7-9C7C349862F7}"
EndProject
Project("{FAE04EC0-301F-11D3-BF4B-00C04F79EFBC}") = "TestSQL", "TestSQL\TestSQL\TestSQL.csproj", "{CBC2EE99-831C-4E79-934B-B638B2531317}"
EndProject
Global
	GlobalSection(SolutionConfigurationPlatforms) = preSolution
		Ad-Hoc|Any CPU = Ad-Hoc|Any CPU
		Ad-Hoc|ARM = Ad-Hoc|ARM
		Ad-Hoc|iPhone = Ad-Hoc|iPhone
		Ad-Hoc|iPhoneSimulator = Ad-Hoc|iPhoneSimulator
		Ad-Hoc|Mixed Platforms = Ad-Hoc|Mixed Platforms
		Ad-Hoc|x64 = Ad-Hoc|x64
		Ad-Hoc|x86 = Ad-Hoc|x86
		AppStore|Any CPU = AppStore|Any CPU
		AppStore|ARM = AppStore|ARM
		AppStore|iPhone = AppStore|iPhone
		AppStore|iPhoneSimulator = AppStore|iPhoneSimulator
		AppStore|Mixed Platforms = AppStore|Mixed Platforms
		AppStore|x64 = AppStore|x64
		AppStore|x86 = AppStore|x86
		Debug|Any CPU = Debug|Any CPU
		Debug|ARM = Debug|ARM
		Debug|iPhone = Debug|iPhone
		Debug|iPhoneSimulator = Debug|iPhoneSimulator
		Debug|Mixed Platforms = Debug|Mixed Platforms
		Debug|x64 = Debug|x64
		Debug|x86 = Debug|x86
		Release|Any CPU = Release|Any CPU
		Release|ARM = Release|ARM
		Release|iPhone = Release|iPhone
		Release|iPhoneSimulator = Release|iPhoneSimulator
		Release|Mixed Platforms = Release|Mixed Platforms
		Release|x64 = Release|x64
		Release|x86 = Release|x86
	EndGlobalSection
	GlobalSection(ProjectConfigurationPlatforms) = postSolution
		{93C95D4E-CB18-487F-A041-81F23D59A41E}.Ad-Hoc|Any CPU.ActiveCfg = Release|Any CPU
		{93C95D4E-CB18-487F-A041-81F23D59A41E}.Ad-Hoc|Any CPU.Build.0 = Release|Any CPU
		{93C95D4E-CB18-487F-A041-81F23D59A41E}.Ad-Hoc|Any CPU.Deploy.0 = Release|Any CPU
		{93C95D4E-CB18-487F-A041-81F23D59A41E}.Ad-Hoc|ARM.ActiveCfg = Release|Any CPU
		{93C95D4E-CB18-487F-A041-81F23D59A41E}.Ad-Hoc|iPhone.ActiveCfg = Release|Any CPU
		{93C95D4E-CB18-487F-A041-81F23D59A41E}.Ad-Hoc|iPhoneSimulator.ActiveCfg = Release|Any CPU
		{93C95D4E-CB18-487F-A041-81F23D59A41E}.Ad-Hoc|Mixed Platforms.ActiveCfg = Release|Any CPU
		{93C95D4E-CB18-487F-A041-81F23D59A41E}.Ad-Hoc|Mixed Platforms.Build.0 = Release|Any CPU
		{93C95D4E-CB18-487F-A041-81F23D59A41E}.Ad-Hoc|Mixed Platforms.Deploy.0 = Release|Any CPU
		{93C95D4E-CB18-487F-A041-81F23D59A41E}.Ad-Hoc|x64.ActiveCfg = Release|Any CPU
		{93C95D4E-CB18-487F-A041-81F23D59A41E}.Ad-Hoc|x86.ActiveCfg = Release|Any CPU
		{93C95D4E-CB18-487F-A041-81F23D59A41E}.AppStore|Any CPU.ActiveCfg = Release|Any CPU
		{93C95D4E-CB18-487F-A041-81F23D59A41E}.AppStore|Any CPU.Build.0 = Release|Any CPU
		{93C95D4E-CB18-487F-A041-81F23D59A41E}.AppStore|Any CPU.Deploy.0 = Release|Any CPU
		{93C95D4E-CB18-487F-A041-81F23D59A41E}.AppStore|ARM.ActiveCfg = Release|Any CPU
		{93C95D4E-CB18-487F-A041-81F23D59A41E}.AppStore|iPhone.ActiveCfg = Release|Any CPU
		{93C95D4E-CB18-487F-A041-81F23D59A41E}.AppStore|iPhoneSimulator.ActiveCfg = Release|Any CPU
		{93C95D4E-CB18-487F-A041-81F23D59A41E}.AppStore|Mixed Platforms.ActiveCfg = Release|Any CPU
		{93C95D4E-CB18-487F-A041-81F23D59A41E}.AppStore|Mixed Platforms.Build.0 = Release|Any CPU
		{93C95D4E-CB18-487F-A041-81F23D59A41E}.AppStore|Mixed Platforms.Deploy.0 = Release|Any CPU
		{93C95D4E-CB18-487F-A041-81F23D59A41E}.AppStore|x64.ActiveCfg = Release|Any CPU
		{93C95D4E-CB18-487F-A041-81F23D59A41E}.AppStore|x86.ActiveCfg = Release|Any CPU
		{93C95D4E-CB18-487F-A041-81F23D59A41E}.Debug|Any CPU.ActiveCfg = Debug|Any CPU
		{93C95D4E-CB18-487F-A041-81F23D59A41E}.Debug|Any CPU.Build.0 = Debug|Any CPU
		{93C95D4E-CB18-487F-A041-81F23D59A41E}.Debug|Any CPU.Deploy.0 = Debug|Any CPU
		{93C95D4E-CB18-487F-A041-81F23D59A41E}.Debug|ARM.ActiveCfg = Debug|Any CPU
		{93C95D4E-CB18-487F-A041-81F23D59A41E}.Debug|iPhone.ActiveCfg = Debug|Any CPU
		{93C95D4E-CB18-487F-A041-81F23D59A41E}.Debug|iPhoneSimulator.ActiveCfg = Debug|Any CPU
		{93C95D4E-CB18-487F-A041-81F23D59A41E}.Debug|Mixed Platforms.ActiveCfg = Debug|Any CPU
		{93C95D4E-CB18-487F-A041-81F23D59A41E}.Debug|Mixed Platforms.Build.0 = Debug|Any CPU
		{93C95D4E-CB18-487F-A041-81F23D59A41E}.Debug|Mixed Platforms.Deploy.0 = Debug|Any CPU
		{93C95D4E-CB18-487F-A041-81F23D59A41E}.Debug|x64.ActiveCfg = Debug|Any CPU
		{93C95D4E-CB18-487F-A041-81F23D59A41E}.Debug|x86.ActiveCfg = Debug|Any CPU
		{93C95D4E-CB18-487F-A041-81F23D59A41E}.Release|Any CPU.ActiveCfg = Release|Any CPU
		{93C95D4E-CB18-487F-A041-81F23D59A41E}.Release|Any CPU.Build.0 = Release|Any CPU
		{93C95D4E-CB18-487F-A041-81F23D59A41E}.Release|Any CPU.Deploy.0 = Release|Any CPU
		{93C95D4E-CB18-487F-A041-81F23D59A41E}.Release|ARM.ActiveCfg = Release|Any CPU
		{93C95D4E-CB18-487F-A041-81F23D59A41E}.Release|iPhone.ActiveCfg = Release|Any CPU
		{93C95D4E-CB18-487F-A041-81F23D59A41E}.Release|iPhoneSimulator.ActiveCfg = Release|Any CPU
		{93C95D4E-CB18-487F-A041-81F23D59A41E}.Release|Mixed Platforms.ActiveCfg = Release|Any CPU
		{93C95D4E-CB18-487F-A041-81F23D59A41E}.Release|Mixed Platforms.Build.0 = Release|Any CPU
		{93C95D4E-CB18-487F-A041-81F23D59A41E}.Release|Mixed Platforms.Deploy.0 = Release|Any CPU
		{93C95D4E-CB18-487F-A041-81F23D59A41E}.Release|x64.ActiveCfg = Release|Any CPU
		{93C95D4E-CB18-487F-A041-81F23D59A41E}.Release|x86.ActiveCfg = Release|Any CPU
		{790F696E-2DAA-479A-B3F1-CB86F41771C6}.Ad-Hoc|Any CPU.ActiveCfg = Ad-Hoc|iPhone
		{790F696E-2DAA-479A-B3F1-CB86F41771C6}.Ad-Hoc|ARM.ActiveCfg = Ad-Hoc|iPhone
		{790F696E-2DAA-479A-B3F1-CB86F41771C6}.Ad-Hoc|iPhone.ActiveCfg = Ad-Hoc|iPhone
		{790F696E-2DAA-479A-B3F1-CB86F41771C6}.Ad-Hoc|iPhone.Build.0 = Ad-Hoc|iPhone
		{790F696E-2DAA-479A-B3F1-CB86F41771C6}.Ad-Hoc|iPhoneSimulator.ActiveCfg = Ad-Hoc|iPhoneSimulator
		{790F696E-2DAA-479A-B3F1-CB86F41771C6}.Ad-Hoc|iPhoneSimulator.Build.0 = Ad-Hoc|iPhoneSimulator
		{790F696E-2DAA-479A-B3F1-CB86F41771C6}.Ad-Hoc|Mixed Platforms.ActiveCfg = Ad-Hoc|iPhone
		{790F696E-2DAA-479A-B3F1-CB86F41771C6}.Ad-Hoc|Mixed Platforms.Build.0 = Ad-Hoc|iPhone
		{790F696E-2DAA-479A-B3F1-CB86F41771C6}.Ad-Hoc|x64.ActiveCfg = Ad-Hoc|iPhone
		{790F696E-2DAA-479A-B3F1-CB86F41771C6}.Ad-Hoc|x86.ActiveCfg = Ad-Hoc|iPhone
		{790F696E-2DAA-479A-B3F1-CB86F41771C6}.AppStore|Any CPU.ActiveCfg = AppStore|iPhone
		{790F696E-2DAA-479A-B3F1-CB86F41771C6}.AppStore|ARM.ActiveCfg = AppStore|iPhone
		{790F696E-2DAA-479A-B3F1-CB86F41771C6}.AppStore|iPhone.ActiveCfg = AppStore|iPhone
		{790F696E-2DAA-479A-B3F1-CB86F41771C6}.AppStore|iPhone.Build.0 = AppStore|iPhone
		{790F696E-2DAA-479A-B3F1-CB86F41771C6}.AppStore|iPhoneSimulator.ActiveCfg = AppStore|iPhoneSimulator
		{790F696E-2DAA-479A-B3F1-CB86F41771C6}.AppStore|iPhoneSimulator.Build.0 = AppStore|iPhoneSimulator
		{790F696E-2DAA-479A-B3F1-CB86F41771C6}.AppStore|Mixed Platforms.ActiveCfg = AppStore|iPhone
		{790F696E-2DAA-479A-B3F1-CB86F41771C6}.AppStore|Mixed Platforms.Build.0 = AppStore|iPhone
		{790F696E-2DAA-479A-B3F1-CB86F41771C6}.AppStore|x64.ActiveCfg = AppStore|iPhone
		{790F696E-2DAA-479A-B3F1-CB86F41771C6}.AppStore|x86.ActiveCfg = AppStore|iPhone
		{790F696E-2DAA-479A-B3F1-CB86F41771C6}.Debug|Any CPU.ActiveCfg = Debug|iPhoneSimulator
		{790F696E-2DAA-479A-B3F1-CB86F41771C6}.Debug|ARM.ActiveCfg = Debug|iPhone
		{790F696E-2DAA-479A-B3F1-CB86F41771C6}.Debug|iPhone.ActiveCfg = Debug|iPhone
		{790F696E-2DAA-479A-B3F1-CB86F41771C6}.Debug|iPhone.Build.0 = Debug|iPhone
		{790F696E-2DAA-479A-B3F1-CB86F41771C6}.Debug|iPhoneSimulator.ActiveCfg = Debug|iPhoneSimulator
		{790F696E-2DAA-479A-B3F1-CB86F41771C6}.Debug|iPhoneSimulator.Build.0 = Debug|iPhoneSimulator
		{790F696E-2DAA-479A-B3F1-CB86F41771C6}.Debug|Mixed Platforms.ActiveCfg = Debug|iPhone
		{790F696E-2DAA-479A-B3F1-CB86F41771C6}.Debug|Mixed Platforms.Build.0 = Debug|iPhone
		{790F696E-2DAA-479A-B3F1-CB86F41771C6}.Debug|x64.ActiveCfg = Debug|iPhone
		{790F696E-2DAA-479A-B3F1-CB86F41771C6}.Debug|x86.ActiveCfg = Debug|iPhone
		{790F696E-2DAA-479A-B3F1-CB86F41771C6}.Release|Any CPU.ActiveCfg = Release|iPhone
		{790F696E-2DAA-479A-B3F1-CB86F41771C6}.Release|ARM.ActiveCfg = Release|iPhone
		{790F696E-2DAA-479A-B3F1-CB86F41771C6}.Release|iPhone.ActiveCfg = Release|iPhone
		{790F696E-2DAA-479A-B3F1-CB86F41771C6}.Release|iPhone.Build.0 = Release|iPhone
		{790F696E-2DAA-479A-B3F1-CB86F41771C6}.Release|iPhoneSimulator.ActiveCfg = Release|iPhoneSimulator
		{790F696E-2DAA-479A-B3F1-CB86F41771C6}.Release|iPhoneSimulator.Build.0 = Release|iPhoneSimulator
		{790F696E-2DAA-479A-B3F1-CB86F41771C6}.Release|Mixed Platforms.ActiveCfg = Release|iPhone
		{790F696E-2DAA-479A-B3F1-CB86F41771C6}.Release|Mixed Platforms.Build.0 = Release|iPhone
		{790F696E-2DAA-479A-B3F1-CB86F41771C6}.Release|x64.ActiveCfg = Release|iPhone
		{790F696E-2DAA-479A-B3F1-CB86F41771C6}.Release|x86.ActiveCfg = Release|iPhone
		{790F696E-2DAA-479A-B3F1-CB86F41771C6}.Debug|Any CPU.Build.0 = Debug|iPhoneSimulator
		{BFD6ED48-CA20-4E79-8D62-7B33253D49AC}.Ad-Hoc|Any CPU.ActiveCfg = Release|Any CPU
		{BFD6ED48-CA20-4E79-8D62-7B33253D49AC}.Ad-Hoc|Any CPU.Build.0 = Release|Any CPU
		{BFD6ED48-CA20-4E79-8D62-7B33253D49AC}.Ad-Hoc|Any CPU.Deploy.0 = Release|Any CPU
		{BFD6ED48-CA20-4E79-8D62-7B33253D49AC}.Ad-Hoc|ARM.ActiveCfg = Release|ARM
		{BFD6ED48-CA20-4E79-8D62-7B33253D49AC}.Ad-Hoc|ARM.Build.0 = Release|ARM
		{BFD6ED48-CA20-4E79-8D62-7B33253D49AC}.Ad-Hoc|ARM.Deploy.0 = Release|ARM
		{BFD6ED48-CA20-4E79-8D62-7B33253D49AC}.Ad-Hoc|iPhone.ActiveCfg = Release|Any CPU
		{BFD6ED48-CA20-4E79-8D62-7B33253D49AC}.Ad-Hoc|iPhoneSimulator.ActiveCfg = Release|Any CPU
		{BFD6ED48-CA20-4E79-8D62-7B33253D49AC}.Ad-Hoc|Mixed Platforms.ActiveCfg = Release|x86
		{BFD6ED48-CA20-4E79-8D62-7B33253D49AC}.Ad-Hoc|Mixed Platforms.Build.0 = Release|x86
		{BFD6ED48-CA20-4E79-8D62-7B33253D49AC}.Ad-Hoc|Mixed Platforms.Deploy.0 = Release|x86
		{BFD6ED48-CA20-4E79-8D62-7B33253D49AC}.Ad-Hoc|x64.ActiveCfg = Release|Any CPU
		{BFD6ED48-CA20-4E79-8D62-7B33253D49AC}.Ad-Hoc|x86.ActiveCfg = Release|x86
		{BFD6ED48-CA20-4E79-8D62-7B33253D49AC}.Ad-Hoc|x86.Build.0 = Release|x86
		{BFD6ED48-CA20-4E79-8D62-7B33253D49AC}.Ad-Hoc|x86.Deploy.0 = Release|x86
		{BFD6ED48-CA20-4E79-8D62-7B33253D49AC}.AppStore|Any CPU.ActiveCfg = Release|Any CPU
		{BFD6ED48-CA20-4E79-8D62-7B33253D49AC}.AppStore|Any CPU.Build.0 = Release|Any CPU
		{BFD6ED48-CA20-4E79-8D62-7B33253D49AC}.AppStore|Any CPU.Deploy.0 = Release|Any CPU
		{BFD6ED48-CA20-4E79-8D62-7B33253D49AC}.AppStore|ARM.ActiveCfg = Release|ARM
		{BFD6ED48-CA20-4E79-8D62-7B33253D49AC}.AppStore|ARM.Build.0 = Release|ARM
		{BFD6ED48-CA20-4E79-8D62-7B33253D49AC}.AppStore|ARM.Deploy.0 = Release|ARM
		{BFD6ED48-CA20-4E79-8D62-7B33253D49AC}.AppStore|iPhone.ActiveCfg = Release|Any CPU
		{BFD6ED48-CA20-4E79-8D62-7B33253D49AC}.AppStore|iPhoneSimulator.ActiveCfg = Release|Any CPU
		{BFD6ED48-CA20-4E79-8D62-7B33253D49AC}.AppStore|Mixed Platforms.ActiveCfg = Release|x86
		{BFD6ED48-CA20-4E79-8D62-7B33253D49AC}.AppStore|Mixed Platforms.Build.0 = Release|x86
		{BFD6ED48-CA20-4E79-8D62-7B33253D49AC}.AppStore|Mixed Platforms.Deploy.0 = Release|x86
		{BFD6ED48-CA20-4E79-8D62-7B33253D49AC}.AppStore|x64.ActiveCfg = Release|Any CPU
		{BFD6ED48-CA20-4E79-8D62-7B33253D49AC}.AppStore|x86.ActiveCfg = Release|x86
		{BFD6ED48-CA20-4E79-8D62-7B33253D49AC}.AppStore|x86.Build.0 = Release|x86
		{BFD6ED48-CA20-4E79-8D62-7B33253D49AC}.AppStore|x86.Deploy.0 = Release|x86
		{BFD6ED48-CA20-4E79-8D62-7B33253D49AC}.Debug|Any CPU.ActiveCfg = Debug|Any CPU
		{BFD6ED48-CA20-4E79-8D62-7B33253D49AC}.Debug|Any CPU.Build.0 = Debug|Any CPU
		{BFD6ED48-CA20-4E79-8D62-7B33253D49AC}.Debug|Any CPU.Deploy.0 = Debug|Any CPU
		{BFD6ED48-CA20-4E79-8D62-7B33253D49AC}.Debug|ARM.ActiveCfg = Debug|ARM
		{BFD6ED48-CA20-4E79-8D62-7B33253D49AC}.Debug|ARM.Build.0 = Debug|ARM
		{BFD6ED48-CA20-4E79-8D62-7B33253D49AC}.Debug|ARM.Deploy.0 = Debug|ARM
		{BFD6ED48-CA20-4E79-8D62-7B33253D49AC}.Debug|iPhone.ActiveCfg = Debug|Any CPU
		{BFD6ED48-CA20-4E79-8D62-7B33253D49AC}.Debug|iPhoneSimulator.ActiveCfg = Debug|Any CPU
		{BFD6ED48-CA20-4E79-8D62-7B33253D49AC}.Debug|Mixed Platforms.ActiveCfg = Debug|x86
		{BFD6ED48-CA20-4E79-8D62-7B33253D49AC}.Debug|Mixed Platforms.Build.0 = Debug|x86
		{BFD6ED48-CA20-4E79-8D62-7B33253D49AC}.Debug|Mixed Platforms.Deploy.0 = Debug|x86
		{BFD6ED48-CA20-4E79-8D62-7B33253D49AC}.Debug|x64.ActiveCfg = Debug|Any CPU
		{BFD6ED48-CA20-4E79-8D62-7B33253D49AC}.Debug|x86.ActiveCfg = Debug|x86
		{BFD6ED48-CA20-4E79-8D62-7B33253D49AC}.Debug|x86.Build.0 = Debug|x86
		{BFD6ED48-CA20-4E79-8D62-7B33253D49AC}.Debug|x86.Deploy.0 = Debug|x86
		{BFD6ED48-CA20-4E79-8D62-7B33253D49AC}.Release|Any CPU.ActiveCfg = Release|Any CPU
		{BFD6ED48-CA20-4E79-8D62-7B33253D49AC}.Release|Any CPU.Build.0 = Release|Any CPU
		{BFD6ED48-CA20-4E79-8D62-7B33253D49AC}.Release|Any CPU.Deploy.0 = Release|Any CPU
		{BFD6ED48-CA20-4E79-8D62-7B33253D49AC}.Release|ARM.ActiveCfg = Release|ARM
		{BFD6ED48-CA20-4E79-8D62-7B33253D49AC}.Release|ARM.Build.0 = Release|ARM
		{BFD6ED48-CA20-4E79-8D62-7B33253D49AC}.Release|ARM.Deploy.0 = Release|ARM
		{BFD6ED48-CA20-4E79-8D62-7B33253D49AC}.Release|iPhone.ActiveCfg = Release|Any CPU
		{BFD6ED48-CA20-4E79-8D62-7B33253D49AC}.Release|iPhoneSimulator.ActiveCfg = Release|Any CPU
		{BFD6ED48-CA20-4E79-8D62-7B33253D49AC}.Release|Mixed Platforms.ActiveCfg = Release|x86
		{BFD6ED48-CA20-4E79-8D62-7B33253D49AC}.Release|Mixed Platforms.Build.0 = Release|x86
		{BFD6ED48-CA20-4E79-8D62-7B33253D49AC}.Release|Mixed Platforms.Deploy.0 = Release|x86
		{BFD6ED48-CA20-4E79-8D62-7B33253D49AC}.Release|x64.ActiveCfg = Release|Any CPU
		{BFD6ED48-CA20-4E79-8D62-7B33253D49AC}.Release|x86.ActiveCfg = Release|x86
		{BFD6ED48-CA20-4E79-8D62-7B33253D49AC}.Release|x86.Build.0 = Release|x86
		{BFD6ED48-CA20-4E79-8D62-7B33253D49AC}.Release|x86.Deploy.0 = Release|x86
		{7F4598F9-AC06-495C-AAA7-9C7C349862F7}.Ad-Hoc|Any CPU.ActiveCfg = Release|Any CPU
		{7F4598F9-AC06-495C-AAA7-9C7C349862F7}.Ad-Hoc|Any CPU.Build.0 = Release|Any CPU
		{7F4598F9-AC06-495C-AAA7-9C7C349862F7}.Ad-Hoc|Any CPU.Deploy.0 = Release|Any CPU
		{7F4598F9-AC06-495C-AAA7-9C7C349862F7}.Ad-Hoc|ARM.ActiveCfg = Release|ARM
		{7F4598F9-AC06-495C-AAA7-9C7C349862F7}.Ad-Hoc|ARM.Build.0 = Release|ARM
		{7F4598F9-AC06-495C-AAA7-9C7C349862F7}.Ad-Hoc|ARM.Deploy.0 = Release|ARM
		{7F4598F9-AC06-495C-AAA7-9C7C349862F7}.Ad-Hoc|iPhone.ActiveCfg = Release|Any CPU
		{7F4598F9-AC06-495C-AAA7-9C7C349862F7}.Ad-Hoc|iPhoneSimulator.ActiveCfg = Release|Any CPU
		{7F4598F9-AC06-495C-AAA7-9C7C349862F7}.Ad-Hoc|Mixed Platforms.ActiveCfg = Release|x86
		{7F4598F9-AC06-495C-AAA7-9C7C349862F7}.Ad-Hoc|Mixed Platforms.Build.0 = Release|x86
		{7F4598F9-AC06-495C-AAA7-9C7C349862F7}.Ad-Hoc|Mixed Platforms.Deploy.0 = Release|x86
		{7F4598F9-AC06-495C-AAA7-9C7C349862F7}.Ad-Hoc|x64.ActiveCfg = Release|x64
		{7F4598F9-AC06-495C-AAA7-9C7C349862F7}.Ad-Hoc|x64.Build.0 = Release|x64
		{7F4598F9-AC06-495C-AAA7-9C7C349862F7}.Ad-Hoc|x64.Deploy.0 = Release|x64
		{7F4598F9-AC06-495C-AAA7-9C7C349862F7}.Ad-Hoc|x86.ActiveCfg = Release|x86
		{7F4598F9-AC06-495C-AAA7-9C7C349862F7}.Ad-Hoc|x86.Build.0 = Release|x86
		{7F4598F9-AC06-495C-AAA7-9C7C349862F7}.Ad-Hoc|x86.Deploy.0 = Release|x86
		{7F4598F9-AC06-495C-AAA7-9C7C349862F7}.AppStore|Any CPU.ActiveCfg = Release|Any CPU
		{7F4598F9-AC06-495C-AAA7-9C7C349862F7}.AppStore|Any CPU.Build.0 = Release|Any CPU
		{7F4598F9-AC06-495C-AAA7-9C7C349862F7}.AppStore|Any CPU.Deploy.0 = Release|Any CPU
		{7F4598F9-AC06-495C-AAA7-9C7C349862F7}.AppStore|ARM.ActiveCfg = Release|ARM
		{7F4598F9-AC06-495C-AAA7-9C7C349862F7}.AppStore|ARM.Build.0 = Release|ARM
		{7F4598F9-AC06-495C-AAA7-9C7C349862F7}.AppStore|ARM.Deploy.0 = Release|ARM
		{7F4598F9-AC06-495C-AAA7-9C7C349862F7}.AppStore|iPhone.ActiveCfg = Release|Any CPU
		{7F4598F9-AC06-495C-AAA7-9C7C349862F7}.AppStore|iPhoneSimulator.ActiveCfg = Release|Any CPU
		{7F4598F9-AC06-495C-AAA7-9C7C349862F7}.AppStore|Mixed Platforms.ActiveCfg = Release|x86
		{7F4598F9-AC06-495C-AAA7-9C7C349862F7}.AppStore|Mixed Platforms.Build.0 = Release|x86
		{7F4598F9-AC06-495C-AAA7-9C7C349862F7}.AppStore|Mixed Platforms.Deploy.0 = Release|x86
		{7F4598F9-AC06-495C-AAA7-9C7C349862F7}.AppStore|x64.ActiveCfg = Release|x64
		{7F4598F9-AC06-495C-AAA7-9C7C349862F7}.AppStore|x64.Build.0 = Release|x64
		{7F4598F9-AC06-495C-AAA7-9C7C349862F7}.AppStore|x64.Deploy.0 = Release|x64
		{7F4598F9-AC06-495C-AAA7-9C7C349862F7}.AppStore|x86.ActiveCfg = Release|x86
		{7F4598F9-AC06-495C-AAA7-9C7C349862F7}.AppStore|x86.Build.0 = Release|x86
		{7F4598F9-AC06-495C-AAA7-9C7C349862F7}.AppStore|x86.Deploy.0 = Release|x86
		{7F4598F9-AC06-495C-AAA7-9C7C349862F7}.Debug|Any CPU.ActiveCfg = Debug|Any CPU
		{7F4598F9-AC06-495C-AAA7-9C7C349862F7}.Debug|Any CPU.Build.0 = Debug|Any CPU
		{7F4598F9-AC06-495C-AAA7-9C7C349862F7}.Debug|Any CPU.Deploy.0 = Debug|Any CPU
		{7F4598F9-AC06-495C-AAA7-9C7C349862F7}.Debug|ARM.ActiveCfg = Debug|ARM
		{7F4598F9-AC06-495C-AAA7-9C7C349862F7}.Debug|ARM.Build.0 = Debug|ARM
		{7F4598F9-AC06-495C-AAA7-9C7C349862F7}.Debug|ARM.Deploy.0 = Debug|ARM
		{7F4598F9-AC06-495C-AAA7-9C7C349862F7}.Debug|iPhone.ActiveCfg = Debug|Any CPU
		{7F4598F9-AC06-495C-AAA7-9C7C349862F7}.Debug|iPhoneSimulator.ActiveCfg = Debug|Any CPU
		{7F4598F9-AC06-495C-AAA7-9C7C349862F7}.Debug|Mixed Platforms.ActiveCfg = Debug|x86
		{7F4598F9-AC06-495C-AAA7-9C7C349862F7}.Debug|Mixed Platforms.Build.0 = Debug|x86
		{7F4598F9-AC06-495C-AAA7-9C7C349862F7}.Debug|Mixed Platforms.Deploy.0 = Debug|x86
		{7F4598F9-AC06-495C-AAA7-9C7C349862F7}.Debug|x64.ActiveCfg = Debug|x64
		{7F4598F9-AC06-495C-AAA7-9C7C349862F7}.Debug|x64.Build.0 = Debug|x64
		{7F4598F9-AC06-495C-AAA7-9C7C349862F7}.Debug|x64.Deploy.0 = Debug|x64
		{7F4598F9-AC06-495C-AAA7-9C7C349862F7}.Debug|x86.ActiveCfg = Debug|x86
		{7F4598F9-AC06-495C-AAA7-9C7C349862F7}.Debug|x86.Build.0 = Debug|x86
		{7F4598F9-AC06-495C-AAA7-9C7C349862F7}.Debug|x86.Deploy.0 = Debug|x86
		{7F4598F9-AC06-495C-AAA7-9C7C349862F7}.Release|Any CPU.ActiveCfg = Release|Any CPU
		{7F4598F9-AC06-495C-AAA7-9C7C349862F7}.Release|Any CPU.Build.0 = Release|Any CPU
		{7F4598F9-AC06-495C-AAA7-9C7C349862F7}.Release|Any CPU.Deploy.0 = Release|Any CPU
		{7F4598F9-AC06-495C-AAA7-9C7C349862F7}.Release|ARM.ActiveCfg = Release|ARM
		{7F4598F9-AC06-495C-AAA7-9C7C349862F7}.Release|ARM.Build.0 = Release|ARM
		{7F4598F9-AC06-495C-AAA7-9C7C349862F7}.Release|ARM.Deploy.0 = Release|ARM
		{7F4598F9-AC06-495C-AAA7-9C7C349862F7}.Release|iPhone.ActiveCfg = Release|Any CPU
		{7F4598F9-AC06-495C-AAA7-9C7C349862F7}.Release|iPhoneSimulator.ActiveCfg = Release|Any CPU
		{7F4598F9-AC06-495C-AAA7-9C7C349862F7}.Release|Mixed Platforms.ActiveCfg = Release|x86
		{7F4598F9-AC06-495C-AAA7-9C7C349862F7}.Release|Mixed Platforms.Build.0 = Release|x86
		{7F4598F9-AC06-495C-AAA7-9C7C349862F7}.Release|Mixed Platforms.Deploy.0 = Release|x86
		{7F4598F9-AC06-495C-AAA7-9C7C349862F7}.Release|x64.ActiveCfg = Release|x64
		{7F4598F9-AC06-495C-AAA7-9C7C349862F7}.Release|x64.Build.0 = Release|x64
		{7F4598F9-AC06-495C-AAA7-9C7C349862F7}.Release|x64.Deploy.0 = Release|x64
		{7F4598F9-AC06-495C-AAA7-9C7C349862F7}.Release|x86.ActiveCfg = Release|x86
		{7F4598F9-AC06-495C-AAA7-9C7C349862F7}.Release|x86.Build.0 = Release|x86
		{7F4598F9-AC06-495C-AAA7-9C7C349862F7}.Release|x86.Deploy.0 = Release|x86
		{CBC2EE99-831C-4E79-934B-B638B2531317}.Ad-Hoc|Any CPU.ActiveCfg = Release|Any CPU
		{CBC2EE99-831C-4E79-934B-B638B2531317}.Ad-Hoc|Any CPU.Build.0 = Release|Any CPU
		{CBC2EE99-831C-4E79-934B-B638B2531317}.Ad-Hoc|ARM.ActiveCfg = Release|Any CPU
		{CBC2EE99-831C-4E79-934B-B638B2531317}.Ad-Hoc|iPhone.ActiveCfg = Release|Any CPU
		{CBC2EE99-831C-4E79-934B-B638B2531317}.Ad-Hoc|iPhone.Build.0 = Release|Any CPU
		{CBC2EE99-831C-4E79-934B-B638B2531317}.Ad-Hoc|iPhoneSimulator.ActiveCfg = Release|Any CPU
		{CBC2EE99-831C-4E79-934B-B638B2531317}.Ad-Hoc|iPhoneSimulator.Build.0 = Release|Any CPU
		{CBC2EE99-831C-4E79-934B-B638B2531317}.Ad-Hoc|Mixed Platforms.ActiveCfg = Release|Any CPU
		{CBC2EE99-831C-4E79-934B-B638B2531317}.Ad-Hoc|Mixed Platforms.Build.0 = Release|Any CPU
		{CBC2EE99-831C-4E79-934B-B638B2531317}.Ad-Hoc|x64.ActiveCfg = Release|Any CPU
		{CBC2EE99-831C-4E79-934B-B638B2531317}.Ad-Hoc|x86.ActiveCfg = Release|Any CPU
		{CBC2EE99-831C-4E79-934B-B638B2531317}.AppStore|Any CPU.ActiveCfg = Release|Any CPU
		{CBC2EE99-831C-4E79-934B-B638B2531317}.AppStore|Any CPU.Build.0 = Release|Any CPU
		{CBC2EE99-831C-4E79-934B-B638B2531317}.AppStore|ARM.ActiveCfg = Release|Any CPU
		{CBC2EE99-831C-4E79-934B-B638B2531317}.AppStore|iPhone.ActiveCfg = Release|Any CPU
		{CBC2EE99-831C-4E79-934B-B638B2531317}.AppStore|iPhone.Build.0 = Release|Any CPU
		{CBC2EE99-831C-4E79-934B-B638B2531317}.AppStore|iPhoneSimulator.ActiveCfg = Release|Any CPU
		{CBC2EE99-831C-4E79-934B-B638B2531317}.AppStore|iPhoneSimulator.Build.0 = Release|Any CPU
		{CBC2EE99-831C-4E79-934B-B638B2531317}.AppStore|Mixed Platforms.ActiveCfg = Release|Any CPU
		{CBC2EE99-831C-4E79-934B-B638B2531317}.AppStore|Mixed Platforms.Build.0 = Release|Any CPU
		{CBC2EE99-831C-4E79-934B-B638B2531317}.AppStore|x64.ActiveCfg = Release|Any CPU
		{CBC2EE99-831C-4E79-934B-B638B2531317}.AppStore|x86.ActiveCfg = Release|Any CPU
		{CBC2EE99-831C-4E79-934B-B638B2531317}.Debug|Any CPU.ActiveCfg = Debug|Any CPU
		{CBC2EE99-831C-4E79-934B-B638B2531317}.Debug|Any CPU.Build.0 = Debug|Any CPU
		{CBC2EE99-831C-4E79-934B-B638B2531317}.Debug|ARM.ActiveCfg = Debug|Any CPU
		{CBC2EE99-831C-4E79-934B-B638B2531317}.Debug|iPhone.ActiveCfg = Debug|Any CPU
		{CBC2EE99-831C-4E79-934B-B638B2531317}.Debug|iPhone.Build.0 = Debug|Any CPU
		{CBC2EE99-831C-4E79-934B-B638B2531317}.Debug|iPhoneSimulator.ActiveCfg = Debug|Any CPU
		{CBC2EE99-831C-4E79-934B-B638B2531317}.Debug|iPhoneSimulator.Build.0 = Debug|Any CPU
		{CBC2EE99-831C-4E79-934B-B638B2531317}.Debug|Mixed Platforms.ActiveCfg = Debug|Any CPU
		{CBC2EE99-831C-4E79-934B-B638B2531317}.Debug|Mixed Platforms.Build.0 = Debug|Any CPU
		{CBC2EE99-831C-4E79-934B-B638B2531317}.Debug|x64.ActiveCfg = Debug|Any CPU
		{CBC2EE99-831C-4E79-934B-B638B2531317}.Debug|x86.ActiveCfg = Debug|Any CPU
		{CBC2EE99-831C-4E79-934B-B638B2531317}.Release|Any CPU.ActiveCfg = Release|Any CPU
		{CBC2EE99-831C-4E79-934B-B638B2531317}.Release|Any CPU.Build.0 = Release|Any CPU
		{CBC2EE99-831C-4E79-934B-B638B2531317}.Release|ARM.ActiveCfg = Release|Any CPU
		{CBC2EE99-831C-4E79-934B-B638B2531317}.Release|iPhone.ActiveCfg = Release|Any CPU
		{CBC2EE99-831C-4E79-934B-B638B2531317}.Release|iPhone.Build.0 = Release|Any CPU
		{CBC2EE99-831C-4E79-934B-B638B2531317}.Release|iPhoneSimulator.ActiveCfg = Release|Any CPU
		{CBC2EE99-831C-4E79-934B-B638B2531317}.Release|iPhoneSimulator.Build.0 = Release|Any CPU
		{CBC2EE99-831C-4E79-934B-B638B2531317}.Release|Mixed Platforms.ActiveCfg = Release|Any CPU
		{CBC2EE99-831C-4E79-934B-B638B2531317}.Release|Mixed Platforms.Build.0 = Release|Any CPU
		{CBC2EE99-831C-4E79-934B-B638B2531317}.Release|x64.ActiveCfg = Release|Any CPU
		{CBC2EE99-831C-4E79-934B-B638B2531317}.Release|x86.ActiveCfg = Release|Any CPU
	EndGlobalSection
	GlobalSection(SolutionProperties) = preSolution
		HideSolutionNode = FALSE
	EndGlobalSection
EndGlobal
